
Microsoft Visual Studio Solution File, Format Version 12.00
# Visual Studio Version 16
VisualStudioVersion = 16.0.29806.167
MinimumVisualStudioVersion = 10.0.40219.1
Project("{9A19103F-16F7-4668-BE54-9A1E7A4F7556}") = "RequestRouter", "RequestRouter\RequestRouter.csproj", "{9614BE17-4FE2-4CC9-BD42-F151632B700B}"
EndProject
Project("{9A19103F-16F7-4668-BE54-9A1E7A4F7556}") = "RequestRouterTests", "RequestRouterTests\RequestRouterTests.csproj", "{66AA7058-7823-40DB-A207-4FD69DE2C5A2}"
EndProject
Project("{2150E333-8FDC-42A3-9474-1A3956D46DE8}") = "Solution Items", "Solution Items", "{7D3AB673-C594-4202-9FEC-E6C3C16D0B79}"
	ProjectSection(SolutionItems) = preProject
		.editorconfig = .editorconfig
	EndProjectSection
EndProject
Project("{FAE04EC0-301F-11D3-BF4B-00C04F79EFBC}") = "RequestRouter.ProductOne", "RequestRouter.ProductOne\RequestRouter.ProductOne.csproj", "{BAA365FC-FEB5-4EDF-A03E-422B91D7DA33}"
EndProject
Project("{FAE04EC0-301F-11D3-BF4B-00C04F79EFBC}") = "RequestRouter.ProductOne.Tests", "RequestRouter.ProductOne.Tests\RequestRouter.ProductOne.Tests.csproj", "{858F8283-7077-43B3-8E1F-27EE782FDF68}"
EndProject
Global
	GlobalSection(SolutionConfigurationPlatforms) = preSolution
		Debug|Any CPU = Debug|Any CPU
		Release|Any CPU = Release|Any CPU
	EndGlobalSection
	GlobalSection(ProjectConfigurationPlatforms) = postSolution
		{9614BE17-4FE2-4CC9-BD42-F151632B700B}.Debug|Any CPU.ActiveCfg = Debug|Any CPU
		{9614BE17-4FE2-4CC9-BD42-F151632B700B}.Debug|Any CPU.Build.0 = Debug|Any CPU
		{9614BE17-4FE2-4CC9-BD42-F151632B700B}.Release|Any CPU.ActiveCfg = Release|Any CPU
		{9614BE17-4FE2-4CC9-BD42-F151632B700B}.Release|Any CPU.Build.0 = Release|Any CPU
		{66AA7058-7823-40DB-A207-4FD69DE2C5A2}.Debug|Any CPU.ActiveCfg = Debug|Any CPU
		{66AA7058-7823-40DB-A207-4FD69DE2C5A2}.Debug|Any CPU.Build.0 = Debug|Any CPU
		{66AA7058-7823-40DB-A207-4FD69DE2C5A2}.Release|Any CPU.ActiveCfg = Release|Any CPU
		{66AA7058-7823-40DB-A207-4FD69DE2C5A2}.Release|Any CPU.Build.0 = Release|Any CPU
		{BAA365FC-FEB5-4EDF-A03E-422B91D7DA33}.Debug|Any CPU.ActiveCfg = Debug|Any CPU
		{BAA365FC-FEB5-4EDF-A03E-422B91D7DA33}.Debug|Any CPU.Build.0 = Debug|Any CPU
		{BAA365FC-FEB5-4EDF-A03E-422B91D7DA33}.Release|Any CPU.ActiveCfg = Release|Any CPU
		{BAA365FC-FEB5-4EDF-A03E-422B91D7DA33}.Release|Any CPU.Build.0 = Release|Any CPU
		{858F8283-7077-43B3-8E1F-27EE782FDF68}.Debug|Any CPU.ActiveCfg = Debug|Any CPU
		{858F8283-7077-43B3-8E1F-27EE782FDF68}.Debug|Any CPU.Build.0 = Debug|Any CPU
		{858F8283-7077-43B3-8E1F-27EE782FDF68}.Release|Any CPU.ActiveCfg = Release|Any CPU
		{858F8283-7077-43B3-8E1F-27EE782FDF68}.Release|Any CPU.Build.0 = Release|Any CPU
	EndGlobalSection
	GlobalSection(SolutionProperties) = preSolution
		HideSolutionNode = FALSE
	EndGlobalSection
	GlobalSection(ExtensibilityGlobals) = postSolution
		SolutionGuid = {B31768FE-FF4B-441C-9837-60EC6A411494}
	EndGlobalSection
EndGlobal
