
Microsoft Visual Studio Solution File, Format Version 12.00
# Visual Studio Version 16
VisualStudioVersion = 16.0.29806.167
MinimumVisualStudioVersion = 10.0.40219.1
Project("{9A19103F-16F7-4668-BE54-9A1E7A4F7556}") = "RequestRouter", "RequestRouter\RequestRouter.csproj", "{9614BE17-4FE2-4CC9-BD42-F151632B700B}"
EndProject
Project("{9A19103F-16F7-4668-BE54-9A1E7A4F7556}") = "RequestRouter.Tests", "RequestRouterTests\RequestRouter.Tests.csproj", "{66AA7058-7823-40DB-A207-4FD69DE2C5A2}"
EndProject
Project("{2150E333-8FDC-42A3-9474-1A3956D46DE8}") = "Solution Items", "Solution Items", "{7D3AB673-C594-4202-9FEC-E6C3C16D0B79}"
	ProjectSection(SolutionItems) = preProject
		.editorconfig = .editorconfig
	EndProjectSection
EndProject
Project("{9A19103F-16F7-4668-BE54-9A1E7A4F7556}") = "RequestRouter.ProductOne", "RequestRouter.ProductOne\RequestRouter.ProductOne.csproj", "{BAA365FC-FEB5-4EDF-A03E-422B91D7DA33}"
EndProject
Project("{9A19103F-16F7-4668-BE54-9A1E7A4F7556}") = "RequestRouter.ProductOne.Tests", "RequestRouter.ProductOne.Tests\RequestRouter.ProductOne.Tests.csproj", "{858F8283-7077-43B3-8E1F-27EE782FDF68}"
EndProject
Project("{9A19103F-16F7-4668-BE54-9A1E7A4F7556}") = "RequestRouter.ProductTwo", "RequestRouter.ProductTwo\RequestRouter.ProductTwo.csproj", "{885E5CD0-1EA8-4BA9-AF5E-8B2D3A610A57}"
EndProject
Project("{9A19103F-16F7-4668-BE54-9A1E7A4F7556}") = "RequestRouter.ProductTwo.Tests", "RequestRouter.ProductTwo.Tests\RequestRouter.ProductTwo.Tests.csproj", "{3E1C8EC4-9F0A-4812-9842-2938AB17519B}"
EndProject
Project("{9A19103F-16F7-4668-BE54-9A1E7A4F7556}") = "RequestRouter.ProductCyber", "RequestRouter.ProductCyber\RequestRouter.ProductCyber.csproj", "{32A68237-2AC9-42E8-AB87-F3C709575D02}"
EndProject
Project("{9A19103F-16F7-4668-BE54-9A1E7A4F7556}") = "RequestRouter.ProductCyber.Tests", "RequestRouter.ProductCyber.Tests\RequestRouter.ProductCyber.Tests.csproj", "{8B74F33A-F813-45C3-9EA5-EACE8DBC98E2}"
EndProject
Global
	GlobalSection(SolutionConfigurationPlatforms) = preSolution
		Debug|Any CPU = Debug|Any CPU
		Release|Any CPU = Release|Any CPU
	EndGlobalSection
	GlobalSection(ProjectConfigurationPlatforms) = postSolution
		{9614BE17-4FE2-4CC9-BD42-F151632B700B}.Debug|Any CPU.ActiveCfg = Debug|Any CPU
		{9614BE17-4FE2-4CC9-BD42-F151632B700B}.Debug|Any CPU.Build.0 = Debug|Any CPU
		{9614BE17-4FE2-4CC9-BD42-F151632B700B}.Release|Any CPU.ActiveCfg = Release|Any CPU
		{9614BE17-4FE2-4CC9-BD42-F151632B700B}.Release|Any CPU.Build.0 = Release|Any CPU
		{66AA7058-7823-40DB-A207-4FD69DE2C5A2}.Debug|Any CPU.ActiveCfg = Debug|Any CPU
		{66AA7058-7823-40DB-A207-4FD69DE2C5A2}.Debug|Any CPU.Build.0 = Debug|Any CPU
		{66AA7058-7823-40DB-A207-4FD69DE2C5A2}.Release|Any CPU.ActiveCfg = Release|Any CPU
		{66AA7058-7823-40DB-A207-4FD69DE2C5A2}.Release|Any CPU.Build.0 = Release|Any CPU
		{BAA365FC-FEB5-4EDF-A03E-422B91D7DA33}.Debug|Any CPU.ActiveCfg = Debug|Any CPU
		{BAA365FC-FEB5-4EDF-A03E-422B91D7DA33}.Debug|Any CPU.Build.0 = Debug|Any CPU
		{BAA365FC-FEB5-4EDF-A03E-422B91D7DA33}.Release|Any CPU.ActiveCfg = Release|Any CPU
		{BAA365FC-FEB5-4EDF-A03E-422B91D7DA33}.Release|Any CPU.Build.0 = Release|Any CPU
		{858F8283-7077-43B3-8E1F-27EE782FDF68}.Debug|Any CPU.ActiveCfg = Debug|Any CPU
		{858F8283-7077-43B3-8E1F-27EE782FDF68}.Debug|Any CPU.Build.0 = Debug|Any CPU
		{858F8283-7077-43B3-8E1F-27EE782FDF68}.Release|Any CPU.ActiveCfg = Release|Any CPU
		{858F8283-7077-43B3-8E1F-27EE782FDF68}.Release|Any CPU.Build.0 = Release|Any CPU
		{885E5CD0-1EA8-4BA9-AF5E-8B2D3A610A57}.Debug|Any CPU.ActiveCfg = Debug|Any CPU
		{885E5CD0-1EA8-4BA9-AF5E-8B2D3A610A57}.Debug|Any CPU.Build.0 = Debug|Any CPU
		{885E5CD0-1EA8-4BA9-AF5E-8B2D3A610A57}.Release|Any CPU.ActiveCfg = Release|Any CPU
		{885E5CD0-1EA8-4BA9-AF5E-8B2D3A610A57}.Release|Any CPU.Build.0 = Release|Any CPU
		{3E1C8EC4-9F0A-4812-9842-2938AB17519B}.Debug|Any CPU.ActiveCfg = Debug|Any CPU
		{3E1C8EC4-9F0A-4812-9842-2938AB17519B}.Debug|Any CPU.Build.0 = Debug|Any CPU
		{3E1C8EC4-9F0A-4812-9842-2938AB17519B}.Release|Any CPU.ActiveCfg = Release|Any CPU
		{3E1C8EC4-9F0A-4812-9842-2938AB17519B}.Release|Any CPU.Build.0 = Release|Any CPU
		{32A68237-2AC9-42E8-AB87-F3C709575D02}.Debug|Any CPU.ActiveCfg = Debug|Any CPU
		{32A68237-2AC9-42E8-AB87-F3C709575D02}.Debug|Any CPU.Build.0 = Debug|Any CPU
		{32A68237-2AC9-42E8-AB87-F3C709575D02}.Release|Any CPU.ActiveCfg = Release|Any CPU
		{32A68237-2AC9-42E8-AB87-F3C709575D02}.Release|Any CPU.Build.0 = Release|Any CPU
		{8B74F33A-F813-45C3-9EA5-EACE8DBC98E2}.Debug|Any CPU.ActiveCfg = Debug|Any CPU
		{8B74F33A-F813-45C3-9EA5-EACE8DBC98E2}.Debug|Any CPU.Build.0 = Debug|Any CPU
		{8B74F33A-F813-45C3-9EA5-EACE8DBC98E2}.Release|Any CPU.ActiveCfg = Release|Any CPU
		{8B74F33A-F813-45C3-9EA5-EACE8DBC98E2}.Release|Any CPU.Build.0 = Release|Any CPU
	EndGlobalSection
	GlobalSection(SolutionProperties) = preSolution
		HideSolutionNode = FALSE
	EndGlobalSection
	GlobalSection(ExtensibilityGlobals) = postSolution
		SolutionGuid = {B31768FE-FF4B-441C-9837-60EC6A411494}
	EndGlobalSection
	GlobalSection(NDepend) = preSolution
		Project = ".\RequestRouter.ndproj"
	EndGlobalSection
EndGlobal
